{
  "name": "server",
  "lockfileVersion": 3,
  "requires": true,
  "packages": {
    "": {
      "name": "server",
      "dependencies": {
        "@hono/node-server": "^2.0.5",
        "@hono/zod-validator": "^0.8.0",
        "@inquirer/checkbox": "^4.3.2",
        "hono": "^4.12.25",
        "playwright": "^1.52.0",
        "xlsx": "^0.18.5",
        "youtube-dl-exec": "^3.1.7",
        "zod": "^4.4.3"
      },
      "devDependencies": {
        "@types/node": "^22.15.21",
        "tsx": "^4.19.4",
        "typescript": "^5.8.3"
      }
    },
    "../node_modules/.pnpm/@hono+node-server@2.0.5_hono@4.12.25/node_modules/@hono/node-server": {
      "version": "2.0.5",
      "license": "MIT",
      "devDependencies": {
        "@hono/eslint-config": "^1.0.1",
        "@types/node": "^20.10.0",
        "@types/supertest": "^2.0.12",
        "@types/ws": "^8.18.1",
        "@whatwg-node/fetch": "^0.9.14",
        "eslint": "^9.10.0",
        "hono": "^4.12.8",
        "np": "^7.7.0",
        "prettier": "^3.2.4",
        "publint": "^0.3.18",
        "supertest": "^6.3.3",
        "tsdown": "^0.20.3",
        "typescript": "^5.3.2",
        "vitest": "^4.0.18",
        "ws": "^8.19.0"
      },
      "engines": {
        "node": ">=20"
      },
      "peerDependencies": {
        "hono": "^4"
      }
    },
    "../node_modules/.pnpm/@hono+zod-validator@0.8.0_hono@4.12.25_zod@4.4.3/node_modules/@hono/zod-validator": {
      "version": "0.8.0",
      "license": "MIT",
      "devDependencies": {
        "hono": "^4.11.5",
        "tsdown": "^0.15.9",
        "typescript": "^5.9.3",
        "vitest": "^4.1.0-beta.1",
        "zod": "^4.2.1"
      },
      "peerDependencies": {
        "hono": ">=4.10.0",
        "zod": "^3.25.0 || ^4.0.0"
      }
    },
    "../node_modules/.pnpm/@types+node@22.19.21/node_modules/@types/node": {
      "version": "22.19.21",
      "devOptional": true,
      "license": "MIT",
      "dependencies": {
        "undici-types": "~6.21.0"
      }
    },
    "../node_modules/.pnpm/hono@4.12.25/node_modules/hono": {
      "version": "4.12.25",
      "license": "MIT",
      "devDependencies": {
        "@hono/eslint-config": "^2.1.0",
        "@hono/node-server": "^2.0.2",
        "@types/jsdom": "^21.1.7",
        "@types/node": "^24.3.0",
        "@types/ws": "^8.18.1",
        "@typescript/native-preview": "7.0.0-dev.20260210.1",
        "@vitest/coverage-v8": "^4.1.7",
        "arg": "^5.0.2",
        "bun-types": "^1.2.20",
        "editorconfig-checker": "6.1.1",
        "esbuild": "^0.27.1",
        "eslint": "^9.39.3",
        "glob": "^11.0.0",
        "jsdom": "22.1.0",
        "msw": "^2.6.0",
        "np": "10.2.0",
        "oxc-parser": "^0.96.0",
        "pkg-pr-new": "^0.0.53",
        "prettier": "3.7.4",
        "publint": "0.3.15",
        "typescript": "^5.9.2",
        "undici": "^6.21.3",
        "vite-plugin-fastly-js-compute": "^0.4.2",
        "vitest": "^4.1.7",
        "wrangler": "4.12.0",
        "ws": "^8.18.0",
        "zod": "^3.23.8"
      },
      "engines": {
        "node": ">=16.9.0"
      }
    },
    "../node_modules/.pnpm/tsx@4.22.4/node_modules/tsx": {
      "version": "4.22.4",
      "dev": true,
      "license": "MIT",
      "dependencies": {
        "esbuild": "~0.28.0"
      },
      "bin": {
        "tsx": "dist/cli.mjs"
      },
      "engines": {
        "node": ">=18.0.0"
      },
      "optionalDependencies": {
        "fsevents": "~2.3.3"
      }
    },
    "../node_modules/.pnpm/typescript@5.9.3/node_modules/typescript": {
      "version": "5.9.3",
      "dev": true,
      "license": "Apache-2.0",
      "bin": {
        "tsc": "bin/tsc",
        "tsserver": "bin/tsserver"
      },
      "devDependencies": {
        "@dprint/formatter": "^0.4.1",
        "@dprint/typescript": "0.93.4",
        "@esfx/canceltoken": "^1.0.0",
        "@eslint/js": "^9.20.0",
        "@octokit/rest": "^21.1.1",
        "@types/chai": "^4.3.20",
        "@types/diff": "^7.0.1",
        "@types/minimist": "^1.2.5",
        "@types/mocha": "^10.0.10",
        "@types/ms": "^0.7.34",
        "@types/node": "latest",
        "@types/source-map-support": "^0.5.10",
        "@types/which": "^3.0.4",
        "@typescript-eslint/rule-tester": "^8.24.1",
        "@typescript-eslint/type-utils": "^8.24.1",
        "@typescript-eslint/utils": "^8.24.1",
        "azure-devops-node-api": "^14.1.0",
        "c8": "^10.1.3",
        "chai": "^4.5.0",
        "chokidar": "^4.0.3",
        "diff": "^7.0.0",
        "dprint": "^0.49.0",
        "esbuild": "^0.25.0",
        "eslint": "^9.20.1",
        "eslint-formatter-autolinkable-stylish": "^1.4.0",
        "eslint-plugin-regexp": "^2.7.0",
        "fast-xml-parser": "^4.5.2",
        "glob": "^10.4.5",
        "globals": "^15.15.0",
        "hereby": "^1.10.0",
        "jsonc-parser": "^3.3.1",
        "knip": "^5.44.4",
        "minimist": "^1.2.8",
        "mocha": "^10.8.2",
        "mocha-fivemat-progress-reporter": "^0.1.0",
        "monocart-coverage-reports": "^2.12.1",
        "ms": "^2.1.3",
        "picocolors": "^1.1.1",
        "playwright": "^1.50.1",
        "source-map-support": "^0.5.21",
        "tslib": "^2.8.1",
        "typescript": "^5.7.3",
        "typescript-eslint": "^8.24.1",
        "which": "^3.0.1"
      },
      "engines": {
        "node": ">=14.17"
      }
    },
    "../node_modules/.pnpm/xlsx@0.18.5/node_modules/xlsx": {
      "version": "0.18.5",
      "license": "Apache-2.0",
      "dependencies": {
        "adler-32": "~1.3.0",
        "cfb": "~1.2.1",
        "codepage": "~1.15.0",
        "crc-32": "~1.2.1",
        "ssf": "~0.11.2",
        "wmf": "~1.0.1",
        "word": "~0.3.0"
      },
      "bin": {
        "xlsx": "bin/xlsx.njs"
      },
      "devDependencies": {
        "@sheetjs/uglify-js": "~2.7.3",
        "@types/node": "^8.5.9",
        "acorn": "7.4.1",
        "alex": "8.1.1",
        "blanket": "~1.2.3",
        "commander": "~2.17.1",
        "dtslint": "^0.1.2",
        "eslint": "7.23.0",
        "eslint-plugin-html": "^6.1.2",
        "eslint-plugin-json": "^2.1.2",
        "exit-on-epipe": "~1.0.1",
        "fflate": "^0.7.1",
        "jsdom": "~11.1.0",
        "markdown-spellcheck": "^1.3.1",
        "mocha": "~2.5.3",
        "sinon": "^1.17.7",
        "typescript": "2.2.0"
      },
      "engines": {
        "node": ">=0.8"
      }
    },
    "../node_modules/.pnpm/youtube-dl-exec@3.1.7_debug@4.4.3/node_modules/youtube-dl-exec": {
      "version": "3.1.7",
      "hasInstallScript": true,
      "license": "MIT",
      "dependencies": {
        "binary-version-check": "~6.1.0",
        "dargs": "~7.0.0",
        "debug-logfmt": "~1.4.0",
        "is-unix": "~2.0.10",
        "tinyspawn": "~1.5.0"
      },
      "devDependencies": {
        "@commitlint/cli": "latest",
        "@commitlint/config-conventional": "latest",
        "@types/node": "latest",
        "ava": "7",
        "c8": "latest",
        "ci-publish": "latest",
        "finepack": "latest",
        "git-authors-cli": "latest",
        "github-generate-release": "latest",
        "nano-staged": "latest",
        "simple-git-hooks": "latest",
        "standard": "latest",
        "standard-version": "latest",
        "tsd": "latest"
      },
      "engines": {
        "node": ">= 18"
      }
    },
    "../node_modules/.pnpm/zod@4.4.3/node_modules/zod": {
      "version": "4.4.3",
      "license": "MIT",
      "funding": {
        "url": "https://github.com/sponsors/colinhacks"
      }
    },
    "node_modules/@hono/node-server": {
      "resolved": "../node_modules/.pnpm/@hono+node-server@2.0.5_hono@4.12.25/node_modules/@hono/node-server",
      "link": true
    },
    "node_modules/@hono/zod-validator": {
      "resolved": "../node_modules/.pnpm/@hono+zod-validator@0.8.0_hono@4.12.25_zod@4.4.3/node_modules/@hono/zod-validator",
      "link": true
    },
    "node_modules/@inquirer/ansi": {
      "version": "1.0.2",
      "resolved": "https://registry.npmjs.org/@inquirer/ansi/-/ansi-1.0.2.tgz",
      "integrity": "sha512-S8qNSZiYzFd0wAcyG5AXCvUHC5Sr7xpZ9wZ2py9XR88jUz8wooStVx5M6dRzczbBWjic9NP7+rY0Xi7qqK/aMQ==",
      "license": "MIT",
      "engines": {
        "node": ">=18"
      }
    },
    "node_modules/@inquirer/checkbox": {
      "version": "4.3.2",
      "resolved": "https://registry.npmjs.org/@inquirer/checkbox/-/checkbox-4.3.2.tgz",
      "integrity": "sha512-VXukHf0RR1doGe6Sm4F0Em7SWYLTHSsbGfJdS9Ja2bX5/D5uwVOEjr07cncLROdBvmnvCATYEWlHqYmXv2IlQA==",
      "license": "MIT",
      "dependencies": {
        "@inquirer/ansi": "^1.0.2",
        "@inquirer/core": "^10.3.2",
        "@inquirer/figures": "^1.0.15",
        "@inquirer/type": "^3.0.10",
        "yoctocolors-cjs": "^2.1.3"
      },
      "engines": {
        "node": ">=18"
      },
      "peerDependencies": {
        "@types/node": ">=18"
      },
      "peerDependenciesMeta": {
        "@types/node": {
          "optional": true
        }
      }
    },
    "node_modules/@inquirer/core": {
      "version": "10.3.2",
      "resolved": "https://registry.npmjs.org/@inquirer/core/-/core-10.3.2.tgz",
      "integrity": "sha512-43RTuEbfP8MbKzedNqBrlhhNKVwoK//vUFNW3Q3vZ88BLcrs4kYpGg+B2mm5p2K/HfygoCxuKwJJiv8PbGmE0A==",
      "license": "MIT",
      "dependencies": {
        "@inquirer/ansi": "^1.0.2",
        "@inquirer/figures": "^1.0.15",
        "@inquirer/type": "^3.0.10",
        "cli-width": "^4.1.0",
        "mute-stream": "^2.0.0",
        "signal-exit": "^4.1.0",
        "wrap-ansi": "^6.2.0",
        "yoctocolors-cjs": "^2.1.3"
      },
      "engines": {
        "node": ">=18"
      },
      "peerDependencies": {
        "@types/node": ">=18"
      },
      "peerDependenciesMeta": {
        "@types/node": {
          "optional": true
        }
      }
    },
    "node_modules/@inquirer/figures": {
      "version": "1.0.15",
      "resolved": "https://registry.npmjs.org/@inquirer/figures/-/figures-1.0.15.tgz",
      "integrity": "sha512-t2IEY+unGHOzAaVM5Xx6DEWKeXlDDcNPeDyUpsRc6CUhBfU3VQOEl+Vssh7VNp1dR8MdUJBWhuObjXCsVpjN5g==",
      "license": "MIT",
      "engines": {
        "node": ">=18"
      }
    },
    "node_modules/@inquirer/type": {
      "version": "3.0.10",
      "resolved": "https://registry.npmjs.org/@inquirer/type/-/type-3.0.10.tgz",
      "integrity": "sha512-BvziSRxfz5Ov8ch0z/n3oijRSEcEsHnhggm4xFZe93DHcUCTlutlq9Ox4SVENAfcRD22UQq7T/atg9Wr3k09eA==",
      "license": "MIT",
      "engines": {
        "node": ">=18"
      },
      "peerDependencies": {
        "@types/node": ">=18"
      },
      "peerDependenciesMeta": {
        "@types/node": {
          "optional": true
        }
      }
    },
    "node_modules/@types/node": {
      "resolved": "../node_modules/.pnpm/@types+node@22.19.21/node_modules/@types/node",
      "link": true
    },
    "node_modules/ansi-regex": {
      "version": "5.0.1",
      "resolved": "https://registry.npmjs.org/ansi-regex/-/ansi-regex-5.0.1.tgz",
      "integrity": "sha512-quJQXlTSUGL2LH9SUXo8VwsY4soanhgo6LNSm84E1LBcE8s3O0wpdiRzyR9z/ZZJMlMWv37qOOb9pdJlMUEKFQ==",
      "license": "MIT",
      "engines": {
        "node": ">=8"
      }
    },
    "node_modules/ansi-styles": {
      "version": "4.3.0",
      "resolved": "https://registry.npmjs.org/ansi-styles/-/ansi-styles-4.3.0.tgz",
      "integrity": "sha512-zbB9rCJAT1rbjiVDb2hqKFHNYLxgtk8NURxZ3IZwD3F6NtxbXZQCnnSi1Lkx+IDohdPlFp222wVALIheZJQSEg==",
      "license": "MIT",
      "dependencies": {
        "color-convert": "^2.0.1"
      },
      "engines": {
        "node": ">=8"
      },
      "funding": {
        "url": "https://github.com/chalk/ansi-styles?sponsor=1"
      }
    },
    "node_modules/cli-width": {
      "version": "4.1.0",
      "resolved": "https://registry.npmjs.org/cli-width/-/cli-width-4.1.0.tgz",
      "integrity": "sha512-ouuZd4/dm2Sw5Gmqy6bGyNNNe1qt9RpmxveLSO7KcgsTnU7RXfsw+/bukWGo1abgBiMAic068rclZsO4IWmmxQ==",
      "license": "ISC",
      "engines": {
        "node": ">= 12"
      }
    },
    "node_modules/color-convert": {
      "version": "2.0.1",
      "resolved": "https://registry.npmjs.org/color-convert/-/color-convert-2.0.1.tgz",
      "integrity": "sha512-RRECPsj7iu/xb5oKYcsFHSppFNnsj/52OVTRKb4zP5onXwVF3zVmmToNcOfGC+CRDpfK/U584fMg38ZHCaElKQ==",
      "license": "MIT",
      "dependencies": {
        "color-name": "~1.1.4"
      },
      "engines": {
        "node": ">=7.0.0"
      }
    },
    "node_modules/color-name": {
      "version": "1.1.4",
      "resolved": "https://registry.npmjs.org/color-name/-/color-name-1.1.4.tgz",
      "integrity": "sha512-dOy+3AuW3a2wNbZHIuMZpTcgjGuLU/uBL/ubcZF9OXbDo8ff4O8yVp5Bf0efS8uEoYo5q4Fx7dY9OgQGXgAsQA==",
      "license": "MIT"
    },
    "node_modules/emoji-regex": {
      "version": "8.0.0",
      "resolved": "https://registry.npmjs.org/emoji-regex/-/emoji-regex-8.0.0.tgz",
      "integrity": "sha512-MSjYzcWNOA0ewAHpz0MxpYFvwg6yjy1NG3xteoqz644VCo/RPgnr1/GGt+ic3iJTzQ8Eu3TdM14SawnVUmGE6A==",
      "license": "MIT"
    },
    "node_modules/fsevents": {
      "version": "2.3.2",
      "resolved": "https://registry.npmjs.org/fsevents/-/fsevents-2.3.2.tgz",
      "integrity": "sha512-xiqMQR4xAeHTuB9uWm+fFRcIOgKBMiOBP+eXiyT7jsgVCq1bkVygt00oASowB7EdtpOHaaPgKt812P9ab+DDKA==",
      "hasInstallScript": true,
      "license": "MIT",
      "optional": true,
      "os": [
        "darwin"
      ],
      "engines": {
        "node": "^8.16.0 || ^10.6.0 || >=11.0.0"
      }
    },
    "node_modules/hono": {
      "resolved": "../node_modules/.pnpm/hono@4.12.25/node_modules/hono",
      "link": true
    },
    "node_modules/is-fullwidth-code-point": {
      "version": "3.0.0",
      "resolved": "https://registry.npmjs.org/is-fullwidth-code-point/-/is-fullwidth-code-point-3.0.0.tgz",
      "integrity": "sha512-zymm5+u+sCsSWyD9qNaejV3DFvhCKclKdizYaJUuHA83RLjb7nSuGnddCHGv0hk+KY7BMAlsWeK4Ueg6EV6XQg==",
      "license": "MIT",
      "engines": {
        "node": ">=8"
      }
    },
    "node_modules/mute-stream": {
      "version": "2.0.0",
      "resolved": "https://registry.npmjs.org/mute-stream/-/mute-stream-2.0.0.tgz",
      "integrity": "sha512-WWdIxpyjEn+FhQJQQv9aQAYlHoNVdzIzUySNV1gHUPDSdZJ3yZn7pAAbQcV7B56Mvu881q9FZV+0Vx2xC44VWA==",
      "license": "ISC",
      "engines": {
        "node": "^18.17.0 || >=20.5.0"
      }
    },
    "node_modules/playwright": {
      "version": "1.61.0",
      "resolved": "https://registry.npmjs.org/playwright/-/playwright-1.61.0.tgz",
      "integrity": "sha512-Z+7BeeqQPRRzklHsVFP4KTGIyMxKUmfeRA4WisM6G3/XW6nwGeX6fX9qYaDa+CiUqpOkb2f6X3nar05R3kSuJQ==",
      "license": "Apache-2.0",
      "dependencies": {
        "playwright-core": "1.61.0"
      },
      "bin": {
        "playwright": "cli.js"
      },
      "engines": {
        "node": ">=18"
      },
      "optionalDependencies": {
        "fsevents": "2.3.2"
      }
    },
    "node_modules/playwright-core": {
      "version": "1.61.0",
      "resolved": "https://registry.npmjs.org/playwright-core/-/playwright-core-1.61.0.tgz",
      "integrity": "sha512-caX7TrY3Ml6egyDX0WUcTHDxodl/b51y5wJOdCEA36QviK/s2g081hvmGs8eaE3DWb6NYZQ6BjO/QkNRPenoPA==",
      "license": "Apache-2.0",
      "bin": {
        "playwright-core": "cli.js"
      },
      "engines": {
        "node": ">=18"
      }
    },
    "node_modules/signal-exit": {
      "version": "4.1.0",
      "resolved": "https://registry.npmjs.org/signal-exit/-/signal-exit-4.1.0.tgz",
      "integrity": "sha512-bzyZ1e88w9O1iNJbKnOlvYTrWPDl46O1bG0D3XInv+9tkPrxrN8jUUTiFlDkkmKWgn1M6CfIA13SuGqOa9Korw==",
      "license": "ISC",
      "engines": {
        "node": ">=14"
      },
      "funding": {
        "url": "https://github.com/sponsors/isaacs"
      }
    },
    "node_modules/string-width": {
      "version": "4.2.3",
      "resolved": "https://registry.npmjs.org/string-width/-/string-width-4.2.3.tgz",
      "integrity": "sha512-wKyQRQpjJ0sIp62ErSZdGsjMJWsap5oRNihHhu6G7JVO/9jIB6UyevL+tXuOqrng8j/cxKTWyWUwvSTriiZz/g==",
      "license": "MIT",
      "dependencies": {
        "emoji-regex": "^8.0.0",
        "is-fullwidth-code-point": "^3.0.0",
        "strip-ansi": "^6.0.1"
      },
      "engines": {
        "node": ">=8"
      }
    },
    "node_modules/strip-ansi": {
      "version": "6.0.1",
      "resolved": "https://registry.npmjs.org/strip-ansi/-/strip-ansi-6.0.1.tgz",
      "integrity": "sha512-Y38VPSHcqkFrCpFnQ9vuSXmquuv5oXOKpGeT6aGrr3o3Gc9AlVa6JBfUSOCnbxGGZF+/0ooI7KrPuUSztUdU5A==",
      "license": "MIT",
      "dependencies": {
        "ansi-regex": "^5.0.1"
      },
      "engines": {
        "node": ">=8"
      }
    },
    "node_modules/tsx": {
      "resolved": "../node_modules/.pnpm/tsx@4.22.4/node_modules/tsx",
      "link": true
    },
    "node_modules/typescript": {
      "resolved": "../node_modules/.pnpm/typescript@5.9.3/node_modules/typescript",
      "link": true
    },
    "node_modules/wrap-ansi": {
      "version": "6.2.0",
      "resolved": "https://registry.npmjs.org/wrap-ansi/-/wrap-ansi-6.2.0.tgz",
      "integrity": "sha512-r6lPcBGxZXlIcymEu7InxDMhdW0KDxpLgoFLcguasxCaJ/SOIZwINatK9KY/tf+ZrlywOKU0UDj3ATXUBfxJXA==",
      "license": "MIT",
      "dependencies": {
        "ansi-styles": "^4.0.0",
        "string-width": "^4.1.0",
        "strip-ansi": "^6.0.0"
      },
      "engines": {
        "node": ">=8"
      }
    },
    "node_modules/xlsx": {
      "resolved": "../node_modules/.pnpm/xlsx@0.18.5/node_modules/xlsx",
      "link": true
    },
    "node_modules/yoctocolors-cjs": {
      "version": "2.1.3",
      "resolved": "https://registry.npmjs.org/yoctocolors-cjs/-/yoctocolors-cjs-2.1.3.tgz",
      "integrity": "sha512-U/PBtDf35ff0D8X8D0jfdzHYEPFxAI7jJlxZXwCSez5M3190m+QobIfh+sWDWSHMCWWJN2AWamkegn6vr6YBTw==",
      "license": "MIT",
      "engines": {
        "node": ">=18"
      },
      "funding": {
        "url": "https://github.com/sponsors/sindresorhus"
      }
    },
    "node_modules/youtube-dl-exec": {
      "resolved": "../node_modules/.pnpm/youtube-dl-exec@3.1.7_debug@4.4.3/node_modules/youtube-dl-exec",
      "link": true
    },
    "node_modules/zod": {
      "resolved": "../node_modules/.pnpm/zod@4.4.3/node_modules/zod",
      "link": true
    }
  }
}
